{
	"name": "@mixxx-launchpad/app",
	"version": "1.0.0",
	"lockfileVersion": 1,
	"requires": true,
	"dependencies": {
		"eventemitter3": {
			"version": "3.1.0",
			"resolved": "https://registry.npmjs.org/eventemitter3/-/eventemitter3-3.1.0.tgz",
			"integrity": "sha512-ivIvhpq/Y0uSjcHDcOIccjmYjGLcP09MFGE7ysAwkAvkXfpZlC985pH2/ui64DKazbTW/4kN3yqozUxlXzI6cA=="
		},
		"json-stringify-safe": {
			"version": "5.0.1",
			"resolved": "https://registry.npmjs.org/json-stringify-safe/-/json-stringify-safe-5.0.1.tgz",
			"integrity": "sha1-Epai1Y/UXxmg9s4B1lcB4sc1tus="
		},
		"lodash-es": {
			"version": "4.17.8",
			"resolved": "https://registry.npmjs.org/lodash-es/-/lodash-es-4.17.8.tgz",
			"integrity": "sha512-I9mjAxengFAleSThFhhAhvba6fsO0hunb9/0sQ6qQihSZsJRBofv2rYH58WXaOb/O++eUmYpCLywSQ22GfU+sA=="
		}
	}
}
