
Microsoft Visual Studio Solution File, Format Version 9.00
# Visual Studio 2005
Project("{8BC9CEB8-8B4A-11D0-8D11-00A0C91BC942}") = "mixxx", "mixxx.vcproj", "{F2F38BF8-0169-3303-A1C9-E722C85E983B}"
EndProject
Global
	GlobalSection(SolutionConfigurationPlatforms) = preSolution
		Debug|Win32 = Debug|Win32
		Debug-Static|Win32 = Debug-Static|Win32
		Release|Win32 = Release|Win32
		Release-Static|Win32 = Release-Static|Win32
	EndGlobalSection
	GlobalSection(ProjectConfigurationPlatforms) = postSolution
		{F2F38BF8-0169-3303-A1C9-E722C85E983B}.Debug|Win32.ActiveCfg = Debug|Win32
		{F2F38BF8-0169-3303-A1C9-E722C85E983B}.Debug|Win32.Build.0 = Debug|Win32
		{F2F38BF8-0169-3303-A1C9-E722C85E983B}.Debug-Static|Win32.ActiveCfg = Debug-Static|Win32
		{F2F38BF8-0169-3303-A1C9-E722C85E983B}.Debug-Static|Win32.Build.0 = Debug-Static|Win32
		{F2F38BF8-0169-3303-A1C9-E722C85E983B}.Release|Win32.ActiveCfg = Release|Win32
		{F2F38BF8-0169-3303-A1C9-E722C85E983B}.Release|Win32.Build.0 = Release|Win32
		{F2F38BF8-0169-3303-A1C9-E722C85E983B}.Release-Static|Win32.ActiveCfg = Release-Static|Win32
		{F2F38BF8-0169-3303-A1C9-E722C85E983B}.Release-Static|Win32.Build.0 = Release-Static|Win32
	EndGlobalSection
	GlobalSection(SolutionProperties) = preSolution
		HideSolutionNode = FALSE
	EndGlobalSection
EndGlobal
